// !$*UTF8*$!
{
	archiveVersion = 1;
	classes = {
	};
	objectVersion = 51;
	objects = {

/* Begin PBXBuildFile section */
		2DFF9E965C08AC1DF69911BB /* Pods_Trinken_TrinkenUITests.framework in Frameworks */ = {isa = PBXBuildFile; fileRef = 351692FFBB4204AC0122A46F /* Pods_Trinken_TrinkenUITests.framework */; };
		9342B8DF266AF0BA004D7107 /* AttributedButton.swift in Sources */ = {isa = PBXBuildFile; fileRef = 9342B8DE266AF0BA004D7107 /* AttributedButton.swift */; };
		9342B8E4266AF77F004D7107 /* SignUpViewController.swift in Sources */ = {isa = PBXBuildFile; fileRef = 9342B8E3266AF77F004D7107 /* SignUpViewController.swift */; };
		93545D4C268AADDC00637E83 /* BaseViewController.swift in Sources */ = {isa = PBXBuildFile; fileRef = 93545D4B268AADDC00637E83 /* BaseViewController.swift */; };
		935F39B726783F7C002D288B /* GoogleService-Info.plist in Resources */ = {isa = PBXBuildFile; fileRef = 935F39B626783F7C002D288B /* GoogleService-Info.plist */; };
		936F259126742F26001A3803 /* FirebaseConstants.swift in Sources */ = {isa = PBXBuildFile; fileRef = 936F259026742F26001A3803 /* FirebaseConstants.swift */; };
		936F25942674330E001A3803 /* AuthService.swift in Sources */ = {isa = PBXBuildFile; fileRef = 936F25932674330E001A3803 /* AuthService.swift */; };
		93718AF22661CD6B00FD50BB /* AppDelegate.swift in Sources */ = {isa = PBXBuildFile; fileRef = 93718AF12661CD6B00FD50BB /* AppDelegate.swift */; };
		93718AF42661CD6B00FD50BB /* SceneDelegate.swift in Sources */ = {isa = PBXBuildFile; fileRef = 93718AF32661CD6B00FD50BB /* SceneDelegate.swift */; };
		93718AF62661CD6B00FD50BB /* SignInViewController.swift in Sources */ = {isa = PBXBuildFile; fileRef = 93718AF52661CD6B00FD50BB /* SignInViewController.swift */; };
		93718AFB2661CD7500FD50BB /* Assets.xcassets in Resources */ = {isa = PBXBuildFile; fileRef = 93718AFA2661CD7500FD50BB /* Assets.xcassets */; };
		93718AFE2661CD7500FD50BB /* LaunchScreen.storyboard in Resources */ = {isa = PBXBuildFile; fileRef = 93718AFC2661CD7500FD50BB /* LaunchScreen.storyboard */; };
		93718B092661CD7500FD50BB /* TrinkenTests.swift in Sources */ = {isa = PBXBuildFile; fileRef = 93718B082661CD7500FD50BB /* TrinkenTests.swift */; };
		93718B142661CD7500FD50BB /* TrinkenUITests.swift in Sources */ = {isa = PBXBuildFile; fileRef = 93718B132661CD7500FD50BB /* TrinkenUITests.swift */; };
		937DF3942683C61D0014B25D /* UserManager.swift in Sources */ = {isa = PBXBuildFile; fileRef = 937DF3932683C61D0014B25D /* UserManager.swift */; };
		939BC9B9267D94B200476723 /* MenuOptionCell.swift in Sources */ = {isa = PBXBuildFile; fileRef = 939BC9B8267D94B200476723 /* MenuOptionCell.swift */; };
		93A8F50726817C0800A14E4F /* MenuOptions.swift in Sources */ = {isa = PBXBuildFile; fileRef = 93A8F50626817C0800A14E4F /* MenuOptions.swift */; };
		93A8F50926817CE800A14E4F /* UITableView+Ext.swift in Sources */ = {isa = PBXBuildFile; fileRef = 93A8F50826817CE800A14E4F /* UITableView+Ext.swift */; };
		93ADB7582682C6E70046FED3 /* UserService.swift in Sources */ = {isa = PBXBuildFile; fileRef = 93ADB7572682C6E70046FED3 /* UserService.swift */; };
		93ADB75B2682C9EF0046FED3 /* User.swift in Sources */ = {isa = PBXBuildFile; fileRef = 93ADB75A2682C9EF0046FED3 /* User.swift */; };
		93D2068D2679916700EA8532 /* FavoritesViewController.swift in Sources */ = {isa = PBXBuildFile; fileRef = 93D2068C2679916700EA8532 /* FavoritesViewController.swift */; };
		93D2068F2679918B00EA8532 /* ProfileViewController.swift in Sources */ = {isa = PBXBuildFile; fileRef = 93D2068E2679918B00EA8532 /* ProfileViewController.swift */; };
		93FD82B82667124A004922AC /* Colors.xcassets in Resources */ = {isa = PBXBuildFile; fileRef = 93FD82B72667124A004922AC /* Colors.xcassets */; };
		93FD82C3266714B9004922AC /* PrimaryButton.swift in Sources */ = {isa = PBXBuildFile; fileRef = 93FD82C2266714B9004922AC /* PrimaryButton.swift */; };
		93FD82C9266717DD004922AC /* WelcomeViewController.swift in Sources */ = {isa = PBXBuildFile; fileRef = 93FD82C8266717DD004922AC /* WelcomeViewController.swift */; };
		93FD82D026687DB8004922AC /* TitleLabel.swift in Sources */ = {isa = PBXBuildFile; fileRef = 93FD82CF26687DB8004922AC /* TitleLabel.swift */; };
		93FD82D826687F9A004922AC /* BodyLabel.swift in Sources */ = {isa = PBXBuildFile; fileRef = 93FD82D726687F9A004922AC /* BodyLabel.swift */; };
		93FD82EE26695E34004922AC /* AppTabBarController.swift in Sources */ = {isa = PBXBuildFile; fileRef = 93FD82ED26695E34004922AC /* AppTabBarController.swift */; };
		93FD82F426695EA4004922AC /* HomeViewController.swift in Sources */ = {isa = PBXBuildFile; fileRef = 93FD82F326695EA4004922AC /* HomeViewController.swift */; };
		93FD82FC26695EBD004922AC /* SearchViewController.swift in Sources */ = {isa = PBXBuildFile; fileRef = 93FD82FB26695EBD004922AC /* SearchViewController.swift */; };
		93FD830726696083004922AC /* Constants.swift in Sources */ = {isa = PBXBuildFile; fileRef = 93FD830626696083004922AC /* Constants.swift */; };
		93FD83102669A7EC004922AC /* BasicTextField.swift in Sources */ = {isa = PBXBuildFile; fileRef = 93FD830F2669A7EC004922AC /* BasicTextField.swift */; };
		93FD83352669AA62004922AC /* UIView+Ext.swift in Sources */ = {isa = PBXBuildFile; fileRef = 93FD83342669AA62004922AC /* UIView+Ext.swift */; };
		B9CACAB1184BBFC37550576D /* Pods_Trinken.framework in Frameworks */ = {isa = PBXBuildFile; fileRef = 4F72D634B82449DEBBCC312A /* Pods_Trinken.framework */; };
		D3F16FAF0A50020E4DCDDA88 /* Pods_TrinkenTests.framework in Frameworks */ = {isa = PBXBuildFile; fileRef = 762AB3CD0E427D1DED6636D4 /* Pods_TrinkenTests.framework */; };
/* End PBXBuildFile section */

/* Begin PBXContainerItemProxy section */
		93718B052661CD7500FD50BB /* PBXContainerItemProxy */ = {
			isa = PBXContainerItemProxy;
			containerPortal = 93718AE62661CD6B00FD50BB /* Project object */;
			proxyType = 1;
			remoteGlobalIDString = 93718AED2661CD6B00FD50BB;
			remoteInfo = Trinken;
		};
		93718B102661CD7500FD50BB /* PBXContainerItemProxy */ = {
			isa = PBXContainerItemProxy;
			containerPortal = 93718AE62661CD6B00FD50BB /* Project object */;
			proxyType = 1;
			remoteGlobalIDString = 93718AED2661CD6B00FD50BB;
			remoteInfo = Trinken;
		};
/* End PBXContainerItemProxy section */

/* Begin PBXFileReference section */
		04EF0CCFA3BE93DA79918420 /* Pods-Trinken-TrinkenUITests.debug.xcconfig */ = {isa = PBXFileReference; includeInIndex = 1; lastKnownFileType = text.xcconfig; name = "Pods-Trinken-TrinkenUITests.debug.xcconfig"; path = "Target Support Files/Pods-Trinken-TrinkenUITests/Pods-Trinken-TrinkenUITests.debug.xcconfig"; sourceTree = "<group>"; };
		351692FFBB4204AC0122A46F /* Pods_Trinken_TrinkenUITests.framework */ = {isa = PBXFileReference; explicitFileType = wrapper.framework; includeInIndex = 0; path = Pods_Trinken_TrinkenUITests.framework; sourceTree = BUILT_PRODUCTS_DIR; };
		4F72D634B82449DEBBCC312A /* Pods_Trinken.framework */ = {isa = PBXFileReference; explicitFileType = wrapper.framework; includeInIndex = 0; path = Pods_Trinken.framework; sourceTree = BUILT_PRODUCTS_DIR; };
		762AB3CD0E427D1DED6636D4 /* Pods_TrinkenTests.framework */ = {isa = PBXFileReference; explicitFileType = wrapper.framework; includeInIndex = 0; path = Pods_TrinkenTests.framework; sourceTree = BUILT_PRODUCTS_DIR; };
		9342B8DE266AF0BA004D7107 /* AttributedButton.swift */ = {isa = PBXFileReference; lastKnownFileType = sourcecode.swift; path = AttributedButton.swift; sourceTree = "<group>"; };
		9342B8E3266AF77F004D7107 /* SignUpViewController.swift */ = {isa = PBXFileReference; lastKnownFileType = sourcecode.swift; path = SignUpViewController.swift; sourceTree = "<group>"; };
		93545D4B268AADDC00637E83 /* BaseViewController.swift */ = {isa = PBXFileReference; lastKnownFileType = sourcecode.swift; path = BaseViewController.swift; sourceTree = "<group>"; };
		935F39B626783F7C002D288B /* GoogleService-Info.plist */ = {isa = PBXFileReference; fileEncoding = 4; lastKnownFileType = text.plist.xml; path = "GoogleService-Info.plist"; sourceTree = "<group>"; };
		936F259026742F26001A3803 /* FirebaseConstants.swift */ = {isa = PBXFileReference; lastKnownFileType = sourcecode.swift; path = FirebaseConstants.swift; sourceTree = "<group>"; };
		936F25932674330E001A3803 /* AuthService.swift */ = {isa = PBXFileReference; lastKnownFileType = sourcecode.swift; path = AuthService.swift; sourceTree = "<group>"; };
		93718AEE2661CD6B00FD50BB /* Trinken.app */ = {isa = PBXFileReference; explicitFileType = wrapper.application; includeInIndex = 0; path = Trinken.app; sourceTree = BUILT_PRODUCTS_DIR; };
		93718AF12661CD6B00FD50BB /* AppDelegate.swift */ = {isa = PBXFileReference; lastKnownFileType = sourcecode.swift; path = AppDelegate.swift; sourceTree = "<group>"; };
		93718AF32661CD6B00FD50BB /* SceneDelegate.swift */ = {isa = PBXFileReference; lastKnownFileType = sourcecode.swift; path = SceneDelegate.swift; sourceTree = "<group>"; };
		93718AF52661CD6B00FD50BB /* SignInViewController.swift */ = {isa = PBXFileReference; lastKnownFileType = sourcecode.swift; path = SignInViewController.swift; sourceTree = "<group>"; };
		93718AFA2661CD7500FD50BB /* Assets.xcassets */ = {isa = PBXFileReference; lastKnownFileType = folder.assetcatalog; path = Assets.xcassets; sourceTree = "<group>"; };
		93718AFD2661CD7500FD50BB /* Base */ = {isa = PBXFileReference; lastKnownFileType = file.storyboard; name = Base; path = Base.lproj/LaunchScreen.storyboard; sourceTree = "<group>"; };
		93718AFF2661CD7500FD50BB /* Info.plist */ = {isa = PBXFileReference; lastKnownFileType = text.plist.xml; path = Info.plist; sourceTree = "<group>"; };
		93718B042661CD7500FD50BB /* TrinkenTests.xctest */ = {isa = PBXFileReference; explicitFileType = wrapper.cfbundle; includeInIndex = 0; path = TrinkenTests.xctest; sourceTree = BUILT_PRODUCTS_DIR; };
		93718B082661CD7500FD50BB /* TrinkenTests.swift */ = {isa = PBXFileReference; lastKnownFileType = sourcecode.swift; path = TrinkenTests.swift; sourceTree = "<group>"; };
		93718B0A2661CD7500FD50BB /* Info.plist */ = {isa = PBXFileReference; lastKnownFileType = text.plist.xml; path = Info.plist; sourceTree = "<group>"; };
		93718B0F2661CD7500FD50BB /* TrinkenUITests.xctest */ = {isa = PBXFileReference; explicitFileType = wrapper.cfbundle; includeInIndex = 0; path = TrinkenUITests.xctest; sourceTree = BUILT_PRODUCTS_DIR; };
		93718B132661CD7500FD50BB /* TrinkenUITests.swift */ = {isa = PBXFileReference; lastKnownFileType = sourcecode.swift; path = TrinkenUITests.swift; sourceTree = "<group>"; };
		93718B152661CD7500FD50BB /* Info.plist */ = {isa = PBXFileReference; lastKnownFileType = text.plist.xml; path = Info.plist; sourceTree = "<group>"; };
		937DF3932683C61D0014B25D /* UserManager.swift */ = {isa = PBXFileReference; lastKnownFileType = sourcecode.swift; path = UserManager.swift; sourceTree = "<group>"; };
		939BC9B8267D94B200476723 /* MenuOptionCell.swift */ = {isa = PBXFileReference; lastKnownFileType = sourcecode.swift; path = MenuOptionCell.swift; sourceTree = "<group>"; };
		93A8F50626817C0800A14E4F /* MenuOptions.swift */ = {isa = PBXFileReference; lastKnownFileType = sourcecode.swift; path = MenuOptions.swift; sourceTree = "<group>"; };
		93A8F50826817CE800A14E4F /* UITableView+Ext.swift */ = {isa = PBXFileReference; lastKnownFileType = sourcecode.swift; path = "UITableView+Ext.swift"; sourceTree = "<group>"; };
		93ADB7572682C6E70046FED3 /* UserService.swift */ = {isa = PBXFileReference; lastKnownFileType = sourcecode.swift; path = UserService.swift; sourceTree = "<group>"; };
		93ADB75A2682C9EF0046FED3 /* User.swift */ = {isa = PBXFileReference; lastKnownFileType = sourcecode.swift; path = User.swift; sourceTree = "<group>"; };
		93D2068C2679916700EA8532 /* FavoritesViewController.swift */ = {isa = PBXFileReference; lastKnownFileType = sourcecode.swift; path = FavoritesViewController.swift; sourceTree = "<group>"; };
		93D2068E2679918B00EA8532 /* ProfileViewController.swift */ = {isa = PBXFileReference; lastKnownFileType = sourcecode.swift; path = ProfileViewController.swift; sourceTree = "<group>"; };
		93FD82B72667124A004922AC /* Colors.xcassets */ = {isa = PBXFileReference; lastKnownFileType = folder.assetcatalog; path = Colors.xcassets; sourceTree = "<group>"; };
		93FD82C2266714B9004922AC /* PrimaryButton.swift */ = {isa = PBXFileReference; lastKnownFileType = sourcecode.swift; path = PrimaryButton.swift; sourceTree = "<group>"; };
		93FD82C8266717DD004922AC /* WelcomeViewController.swift */ = {isa = PBXFileReference; lastKnownFileType = sourcecode.swift; path = WelcomeViewController.swift; sourceTree = "<group>"; };
		93FD82CF26687DB8004922AC /* TitleLabel.swift */ = {isa = PBXFileReference; lastKnownFileType = sourcecode.swift; path = TitleLabel.swift; sourceTree = "<group>"; };
		93FD82D726687F9A004922AC /* BodyLabel.swift */ = {isa = PBXFileReference; lastKnownFileType = sourcecode.swift; path = BodyLabel.swift; sourceTree = "<group>"; };
		93FD82ED26695E34004922AC /* AppTabBarController.swift */ = {isa = PBXFileReference; lastKnownFileType = sourcecode.swift; path = AppTabBarController.swift; sourceTree = "<group>"; };
		93FD82F326695EA4004922AC /* HomeViewController.swift */ = {isa = PBXFileReference; lastKnownFileType = sourcecode.swift; path = HomeViewController.swift; sourceTree = "<group>"; };
		93FD82FB26695EBD004922AC /* SearchViewController.swift */ = {isa = PBXFileReference; lastKnownFileType = sourcecode.swift; path = SearchViewController.swift; sourceTree = "<group>"; };
		93FD830626696083004922AC /* Constants.swift */ = {isa = PBXFileReference; lastKnownFileType = sourcecode.swift; path = Constants.swift; sourceTree = "<group>"; };
		93FD830F2669A7EC004922AC /* BasicTextField.swift */ = {isa = PBXFileReference; lastKnownFileType = sourcecode.swift; path = BasicTextField.swift; sourceTree = "<group>"; };
		93FD83342669AA62004922AC /* UIView+Ext.swift */ = {isa = PBXFileReference; lastKnownFileType = sourcecode.swift; path = "UIView+Ext.swift"; sourceTree = "<group>"; };
		985E644E5C896E34D47FFE99 /* Pods-Trinken-TrinkenUITests.release.xcconfig */ = {isa = PBXFileReference; includeInIndex = 1; lastKnownFileType = text.xcconfig; name = "Pods-Trinken-TrinkenUITests.release.xcconfig"; path = "Target Support Files/Pods-Trinken-TrinkenUITests/Pods-Trinken-TrinkenUITests.release.xcconfig"; sourceTree = "<group>"; };
		9C539BC12DE032C4C472CF91 /* Pods-Trinken.release.xcconfig */ = {isa = PBXFileReference; includeInIndex = 1; lastKnownFileType = text.xcconfig; name = "Pods-Trinken.release.xcconfig"; path = "Target Support Files/Pods-Trinken/Pods-Trinken.release.xcconfig"; sourceTree = "<group>"; };
		C089BC76C8E7ACCC68DD8AF0 /* Pods-TrinkenTests.debug.xcconfig */ = {isa = PBXFileReference; includeInIndex = 1; lastKnownFileType = text.xcconfig; name = "Pods-TrinkenTests.debug.xcconfig"; path = "Target Support Files/Pods-TrinkenTests/Pods-TrinkenTests.debug.xcconfig"; sourceTree = "<group>"; };
		E207ACC0CCFA55DBAA918E85 /* Pods-TrinkenTests.release.xcconfig */ = {isa = PBXFileReference; includeInIndex = 1; lastKnownFileType = text.xcconfig; name = "Pods-TrinkenTests.release.xcconfig"; path = "Target Support Files/Pods-TrinkenTests/Pods-TrinkenTests.release.xcconfig"; sourceTree = "<group>"; };
		EDF77F3121FF613DE3CD5AE5 /* Pods-Trinken.debug.xcconfig */ = {isa = PBXFileReference; includeInIndex = 1; lastKnownFileType = text.xcconfig; name = "Pods-Trinken.debug.xcconfig"; path = "Target Support Files/Pods-Trinken/Pods-Trinken.debug.xcconfig"; sourceTree = "<group>"; };
/* End PBXFileReference section */

/* Begin PBXFrameworksBuildPhase section */
		93718AEB2661CD6B00FD50BB /* Frameworks */ = {
			isa = PBXFrameworksBuildPhase;
			buildActionMask = 2147483647;
			files = (
				B9CACAB1184BBFC37550576D /* Pods_Trinken.framework in Frameworks */,
			);
			runOnlyForDeploymentPostprocessing = 0;
		};
		93718B012661CD7500FD50BB /* Frameworks */ = {
			isa = PBXFrameworksBuildPhase;
			buildActionMask = 2147483647;
			files = (
				D3F16FAF0A50020E4DCDDA88 /* Pods_TrinkenTests.framework in Frameworks */,
			);
			runOnlyForDeploymentPostprocessing = 0;
		};
		93718B0C2661CD7500FD50BB /* Frameworks */ = {
			isa = PBXFrameworksBuildPhase;
			buildActionMask = 2147483647;
			files = (
				2DFF9E965C08AC1DF69911BB /* Pods_Trinken_TrinkenUITests.framework in Frameworks */,
			);
			runOnlyForDeploymentPostprocessing = 0;
		};
/* End PBXFrameworksBuildPhase section */

/* Begin PBXGroup section */
		93545D49268AADA700637E83 /* Controllers */ = {
			isa = PBXGroup;
			children = (
				93545D4A268AADBF00637E83 /* Bases */,
				93FD82EC26695E01004922AC /* TabBarControllers */,
			);
			path = Controllers;
			sourceTree = "<group>";
		};
		93545D4A268AADBF00637E83 /* Bases */ = {
			isa = PBXGroup;
			children = (
				93545D4B268AADDC00637E83 /* BaseViewController.swift */,
			);
			path = Bases;
			sourceTree = "<group>";
		};
		936F259226743300001A3803 /* Services */ = {
			isa = PBXGroup;
			children = (
				936F25932674330E001A3803 /* AuthService.swift */,
				93ADB7572682C6E70046FED3 /* UserService.swift */,
			);
			path = Services;
			sourceTree = "<group>";
		};
		93718AE52661CD6B00FD50BB = {
			isa = PBXGroup;
			children = (
				93718AF02661CD6B00FD50BB /* Trinken */,
				93718B072661CD7500FD50BB /* TrinkenTests */,
				93718B122661CD7500FD50BB /* TrinkenUITests */,
				93718AEF2661CD6B00FD50BB /* Products */,
				B267A45381A56E9F222FDB0B /* Pods */,
				F376AE41C302D76F1DCECFCC /* Frameworks */,
			);
			sourceTree = "<group>";
		};
		93718AEF2661CD6B00FD50BB /* Products */ = {
			isa = PBXGroup;
			children = (
				93718AEE2661CD6B00FD50BB /* Trinken.app */,
				93718B042661CD7500FD50BB /* TrinkenTests.xctest */,
				93718B0F2661CD7500FD50BB /* TrinkenUITests.xctest */,
			);
			name = Products;
			sourceTree = "<group>";
		};
		93718AF02661CD6B00FD50BB /* Trinken */ = {
			isa = PBXGroup;
			children = (
				93545D49268AADA700637E83 /* Controllers */,
				937DF3922683C60F0014B25D /* Managers */,
				93ADB7592682C9B20046FED3 /* Model */,
				936F259226743300001A3803 /* Services */,
				93FD83282669AA26004922AC /* Extensions */,
				93FD830526696066004922AC /* Utilities */,
				93FD830026695F69004922AC /* Support */,
				93FD82C7266717AE004922AC /* Scenes */,
				93FD82C026671485004922AC /* CustomViews */,
				93718AFF2661CD7500FD50BB /* Info.plist */,
				935F39B626783F7C002D288B /* GoogleService-Info.plist */,
			);
			path = Trinken;
			sourceTree = "<group>";
		};
		93718B072661CD7500FD50BB /* TrinkenTests */ = {
			isa = PBXGroup;
			children = (
				93718B082661CD7500FD50BB /* TrinkenTests.swift */,
				93718B0A2661CD7500FD50BB /* Info.plist */,
			);
			path = TrinkenTests;
			sourceTree = "<group>";
		};
		93718B122661CD7500FD50BB /* TrinkenUITests */ = {
			isa = PBXGroup;
			children = (
				93718B132661CD7500FD50BB /* TrinkenUITests.swift */,
				93718B152661CD7500FD50BB /* Info.plist */,
			);
			path = TrinkenUITests;
			sourceTree = "<group>";
		};
		937DF3922683C60F0014B25D /* Managers */ = {
			isa = PBXGroup;
			children = (
				937DF3932683C61D0014B25D /* UserManager.swift */,
			);
			path = Managers;
			sourceTree = "<group>";
		};
		939BC9B7267D948900476723 /* Cells */ = {
			isa = PBXGroup;
			children = (
				939BC9B8267D94B200476723 /* MenuOptionCell.swift */,
			);
			path = Cells;
			sourceTree = "<group>";
		};
		93ADB7592682C9B20046FED3 /* Model */ = {
			isa = PBXGroup;
			children = (
				93ADB75A2682C9EF0046FED3 /* User.swift */,
			);
			path = Model;
			sourceTree = "<group>";
		};
		93D20685267990BF00EA8532 /* Onboarding */ = {
			isa = PBXGroup;
			children = (
				93FD82C8266717DD004922AC /* WelcomeViewController.swift */,
			);
			path = Onboarding;
			sourceTree = "<group>";
		};
		93D20686267990DE00EA8532 /* SignIn */ = {
			isa = PBXGroup;
			children = (
				93718AF52661CD6B00FD50BB /* SignInViewController.swift */,
			);
			path = SignIn;
			sourceTree = "<group>";
		};
		93D20687267990F000EA8532 /* SignUp */ = {
			isa = PBXGroup;
			children = (
				9342B8E3266AF77F004D7107 /* SignUpViewController.swift */,
			);
			path = SignUp;
			sourceTree = "<group>";
		};
		93D20688267990FC00EA8532 /* Home */ = {
			isa = PBXGroup;
			children = (
				93FD82F326695EA4004922AC /* HomeViewController.swift */,
			);
			path = Home;
			sourceTree = "<group>";
		};
		93D206892679910600EA8532 /* Search */ = {
			isa = PBXGroup;
			children = (
				93FD82FB26695EBD004922AC /* SearchViewController.swift */,
			);
			path = Search;
			sourceTree = "<group>";
		};
		93D2068A2679913800EA8532 /* Favorites */ = {
			isa = PBXGroup;
			children = (
				93D2068C2679916700EA8532 /* FavoritesViewController.swift */,
			);
			path = Favorites;
			sourceTree = "<group>";
		};
		93D2068B2679913E00EA8532 /* Profile */ = {
			isa = PBXGroup;
			children = (
				93D2068E2679918B00EA8532 /* ProfileViewController.swift */,
				93A8F50626817C0800A14E4F /* MenuOptions.swift */,
			);
			path = Profile;
			sourceTree = "<group>";
		};
		93FD82C026671485004922AC /* CustomViews */ = {
			isa = PBXGroup;
			children = (
				939BC9B7267D948900476723 /* Cells */,
				93FD830E2669A7B4004922AC /* TextFields */,
				93FD82CE26687D97004922AC /* Labels */,
				93FD82C1266714A0004922AC /* Buttons */,
			);
			path = CustomViews;
			sourceTree = "<group>";
		};
		93FD82C1266714A0004922AC /* Buttons */ = {
			isa = PBXGroup;
			children = (
				93FD82C2266714B9004922AC /* PrimaryButton.swift */,
				9342B8DE266AF0BA004D7107 /* AttributedButton.swift */,
			);
			path = Buttons;
			sourceTree = "<group>";
		};
		93FD82C7266717AE004922AC /* Scenes */ = {
			isa = PBXGroup;
			children = (
				93D20685267990BF00EA8532 /* Onboarding */,
				93D20686267990DE00EA8532 /* SignIn */,
				93D20687267990F000EA8532 /* SignUp */,
				93D20688267990FC00EA8532 /* Home */,
				93D206892679910600EA8532 /* Search */,
				93D2068A2679913800EA8532 /* Favorites */,
				93D2068B2679913E00EA8532 /* Profile */,
			);
			path = Scenes;
			sourceTree = "<group>";
		};
		93FD82CE26687D97004922AC /* Labels */ = {
			isa = PBXGroup;
			children = (
				93FD82CF26687DB8004922AC /* TitleLabel.swift */,
				93FD82D726687F9A004922AC /* BodyLabel.swift */,
			);
			path = Labels;
			sourceTree = "<group>";
		};
		93FD82EC26695E01004922AC /* TabBarControllers */ = {
			isa = PBXGroup;
			children = (
				93FD82ED26695E34004922AC /* AppTabBarController.swift */,
			);
			path = TabBarControllers;
			sourceTree = "<group>";
		};
		93FD830026695F69004922AC /* Support */ = {
			isa = PBXGroup;
			children = (
				93718AF12661CD6B00FD50BB /* AppDelegate.swift */,
				93718AF32661CD6B00FD50BB /* SceneDelegate.swift */,
				93718AFA2661CD7500FD50BB /* Assets.xcassets */,
				93FD82B72667124A004922AC /* Colors.xcassets */,
				93718AFC2661CD7500FD50BB /* LaunchScreen.storyboard */,
			);
			path = Support;
			sourceTree = "<group>";
		};
		93FD830526696066004922AC /* Utilities */ = {
			isa = PBXGroup;
			children = (
				93FD830626696083004922AC /* Constants.swift */,
				936F259026742F26001A3803 /* FirebaseConstants.swift */,
			);
			path = Utilities;
			sourceTree = "<group>";
		};
		93FD830E2669A7B4004922AC /* TextFields */ = {
			isa = PBXGroup;
			children = (
				93FD830F2669A7EC004922AC /* BasicTextField.swift */,
			);
			path = TextFields;
			sourceTree = "<group>";
		};
		93FD83282669AA26004922AC /* Extensions */ = {
			isa = PBXGroup;
			children = (
				93FD83342669AA62004922AC /* UIView+Ext.swift */,
				93A8F50826817CE800A14E4F /* UITableView+Ext.swift */,
			);
			path = Extensions;
			sourceTree = "<group>";
		};
		B267A45381A56E9F222FDB0B /* Pods */ = {
			isa = PBXGroup;
			children = (
				EDF77F3121FF613DE3CD5AE5 /* Pods-Trinken.debug.xcconfig */,
				9C539BC12DE032C4C472CF91 /* Pods-Trinken.release.xcconfig */,
				04EF0CCFA3BE93DA79918420 /* Pods-Trinken-TrinkenUITests.debug.xcconfig */,
				985E644E5C896E34D47FFE99 /* Pods-Trinken-TrinkenUITests.release.xcconfig */,
				C089BC76C8E7ACCC68DD8AF0 /* Pods-TrinkenTests.debug.xcconfig */,
				E207ACC0CCFA55DBAA918E85 /* Pods-TrinkenTests.release.xcconfig */,
			);
			path = Pods;
			sourceTree = "<group>";
		};
		F376AE41C302D76F1DCECFCC /* Frameworks */ = {
			isa = PBXGroup;
			children = (
				4F72D634B82449DEBBCC312A /* Pods_Trinken.framework */,
				351692FFBB4204AC0122A46F /* Pods_Trinken_TrinkenUITests.framework */,
				762AB3CD0E427D1DED6636D4 /* Pods_TrinkenTests.framework */,
			);
			name = Frameworks;
			sourceTree = "<group>";
		};
/* End PBXGroup section */

/* Begin PBXNativeTarget section */
		93718AED2661CD6B00FD50BB /* Trinken */ = {
			isa = PBXNativeTarget;
			buildConfigurationList = 93718B182661CD7500FD50BB /* Build configuration list for PBXNativeTarget "Trinken" */;
			buildPhases = (
				0AC01E16BFAAE8EB88615B45 /* [CP] Check Pods Manifest.lock */,
				93718AEA2661CD6B00FD50BB /* Sources */,
				93718AEB2661CD6B00FD50BB /* Frameworks */,
				93718AEC2661CD6B00FD50BB /* Resources */,
				79B61ED72DED0B0A5AA9C819 /* [CP] Embed Pods Frameworks */,
			);
			buildRules = (
			);
			dependencies = (
			);
			name = Trinken;
			productName = Trinken;
			productReference = 93718AEE2661CD6B00FD50BB /* Trinken.app */;
			productType = "com.apple.product-type.application";
		};
		93718B032661CD7500FD50BB /* TrinkenTests */ = {
			isa = PBXNativeTarget;
			buildConfigurationList = 93718B1B2661CD7500FD50BB /* Build configuration list for PBXNativeTarget "TrinkenTests" */;
			buildPhases = (
				EB3880805ED982509F7C6A4C /* [CP] Check Pods Manifest.lock */,
				93718B002661CD7500FD50BB /* Sources */,
				93718B012661CD7500FD50BB /* Frameworks */,
				93718B022661CD7500FD50BB /* Resources */,
			);
			buildRules = (
			);
			dependencies = (
				93718B062661CD7500FD50BB /* PBXTargetDependency */,
			);
			name = TrinkenTests;
			productName = TrinkenTests;
			productReference = 93718B042661CD7500FD50BB /* TrinkenTests.xctest */;
			productType = "com.apple.product-type.bundle.unit-test";
		};
		93718B0E2661CD7500FD50BB /* TrinkenUITests */ = {
			isa = PBXNativeTarget;
			buildConfigurationList = 93718B1E2661CD7500FD50BB /* Build configuration list for PBXNativeTarget "TrinkenUITests" */;
			buildPhases = (
				798CAA8BA76DA619675E427B /* [CP] Check Pods Manifest.lock */,
				93718B0B2661CD7500FD50BB /* Sources */,
				93718B0C2661CD7500FD50BB /* Frameworks */,
				93718B0D2661CD7500FD50BB /* Resources */,
				7BECFFDAAC24B69F66576159 /* [CP] Embed Pods Frameworks */,
			);
			buildRules = (
			);
			dependencies = (
				93718B112661CD7500FD50BB /* PBXTargetDependency */,
			);
			name = TrinkenUITests;
			productName = TrinkenUITests;
			productReference = 93718B0F2661CD7500FD50BB /* TrinkenUITests.xctest */;
			productType = "com.apple.product-type.bundle.ui-testing";
		};
/* End PBXNativeTarget section */

/* Begin PBXProject section */
		93718AE62661CD6B00FD50BB /* Project object */ = {
			isa = PBXProject;
			attributes = {
				LastSwiftUpdateCheck = 1240;
				LastUpgradeCheck = 1240;
				TargetAttributes = {
					93718AED2661CD6B00FD50BB = {
						CreatedOnToolsVersion = 12.4;
					};
					93718B032661CD7500FD50BB = {
						CreatedOnToolsVersion = 12.4;
						TestTargetID = 93718AED2661CD6B00FD50BB;
					};
					93718B0E2661CD7500FD50BB = {
						CreatedOnToolsVersion = 12.4;
						TestTargetID = 93718AED2661CD6B00FD50BB;
					};
				};
			};
			buildConfigurationList = 93718AE92661CD6B00FD50BB /* Build configuration list for PBXProject "Trinken" */;
			compatibilityVersion = "Xcode 9.3";
			developmentRegion = en;
			hasScannedForEncodings = 0;
			knownRegions = (
				en,
				Base,
			);
			mainGroup = 93718AE52661CD6B00FD50BB;
			productRefGroup = 93718AEF2661CD6B00FD50BB /* Products */;
			projectDirPath = "";
			projectRoot = "";
			targets = (
				93718AED2661CD6B00FD50BB /* Trinken */,
				93718B032661CD7500FD50BB /* TrinkenTests */,
				93718B0E2661CD7500FD50BB /* TrinkenUITests */,
			);
		};
/* End PBXProject section */

/* Begin PBXResourcesBuildPhase section */
		93718AEC2661CD6B00FD50BB /* Resources */ = {
			isa = PBXResourcesBuildPhase;
			buildActionMask = 2147483647;
			files = (
				93FD82B82667124A004922AC /* Colors.xcassets in Resources */,
				935F39B726783F7C002D288B /* GoogleService-Info.plist in Resources */,
				93718AFE2661CD7500FD50BB /* LaunchScreen.storyboard in Resources */,
				93718AFB2661CD7500FD50BB /* Assets.xcassets in Resources */,
			);
			runOnlyForDeploymentPostprocessing = 0;
		};
		93718B022661CD7500FD50BB /* Resources */ = {
			isa = PBXResourcesBuildPhase;
			buildActionMask = 2147483647;
			files = (
			);
			runOnlyForDeploymentPostprocessing = 0;
		};
		93718B0D2661CD7500FD50BB /* Resources */ = {
			isa = PBXResourcesBuildPhase;
			buildActionMask = 2147483647;
			files = (
			);
			runOnlyForDeploymentPostprocessing = 0;
		};
/* End PBXResourcesBuildPhase section */

/* Begin PBXShellScriptBuildPhase section */
		0AC01E16BFAAE8EB88615B45 /* [CP] Check Pods Manifest.lock */ = {
			isa = PBXShellScriptBuildPhase;
			buildActionMask = 2147483647;
			files = (
			);
			inputFileListPaths = (
			);
			inputPaths = (
				"${PODS_PODFILE_DIR_PATH}/Podfile.lock",
				"${PODS_ROOT}/Manifest.lock",
			);
			name = "[CP] Check Pods Manifest.lock";
			outputFileListPaths = (
			);
			outputPaths = (
				"$(DERIVED_FILE_DIR)/Pods-Trinken-checkManifestLockResult.txt",
			);
			runOnlyForDeploymentPostprocessing = 0;
			shellPath = /bin/sh;
			shellScript = "diff \"${PODS_PODFILE_DIR_PATH}/Podfile.lock\" \"${PODS_ROOT}/Manifest.lock\" > /dev/null\nif [ $? != 0 ] ; then\n    # print error to STDERR\n    echo \"error: The sandbox is not in sync with the Podfile.lock. Run 'pod install' or update your CocoaPods installation.\" >&2\n    exit 1\nfi\n# This output is used by Xcode 'outputs' to avoid re-running this script phase.\necho \"SUCCESS\" > \"${SCRIPT_OUTPUT_FILE_0}\"\n";
			showEnvVarsInLog = 0;
		};
		798CAA8BA76DA619675E427B /* [CP] Check Pods Manifest.lock */ = {
			isa = PBXShellScriptBuildPhase;
			buildActionMask = 2147483647;
			files = (
			);
			inputFileListPaths = (
			);
			inputPaths = (
				"${PODS_PODFILE_DIR_PATH}/Podfile.lock",
				"${PODS_ROOT}/Manifest.lock",
			);
			name = "[CP] Check Pods Manifest.lock";
			outputFileListPaths = (
			);
			outputPaths = (
				"$(DERIVED_FILE_DIR)/Pods-Trinken-TrinkenUITests-checkManifestLockResult.txt",
			);
			runOnlyForDeploymentPostprocessing = 0;
			shellPath = /bin/sh;
			shellScript = "diff \"${PODS_PODFILE_DIR_PATH}/Podfile.lock\" \"${PODS_ROOT}/Manifest.lock\" > /dev/null\nif [ $? != 0 ] ; then\n    # print error to STDERR\n    echo \"error: The sandbox is not in sync with the Podfile.lock. Run 'pod install' or update your CocoaPods installation.\" >&2\n    exit 1\nfi\n# This output is used by Xcode 'outputs' to avoid re-running this script phase.\necho \"SUCCESS\" > \"${SCRIPT_OUTPUT_FILE_0}\"\n";
			showEnvVarsInLog = 0;
		};
		79B61ED72DED0B0A5AA9C819 /* [CP] Embed Pods Frameworks */ = {
			isa = PBXShellScriptBuildPhase;
			buildActionMask = 2147483647;
			files = (
			);
			inputFileListPaths = (
				"${PODS_ROOT}/Target Support Files/Pods-Trinken/Pods-Trinken-frameworks-${CONFIGURATION}-input-files.xcfilelist",
			);
			name = "[CP] Embed Pods Frameworks";
			outputFileListPaths = (
				"${PODS_ROOT}/Target Support Files/Pods-Trinken/Pods-Trinken-frameworks-${CONFIGURATION}-output-files.xcfilelist",
			);
			runOnlyForDeploymentPostprocessing = 0;
			shellPath = /bin/sh;
			shellScript = "\"${PODS_ROOT}/Target Support Files/Pods-Trinken/Pods-Trinken-frameworks.sh\"\n";
			showEnvVarsInLog = 0;
		};
		7BECFFDAAC24B69F66576159 /* [CP] Embed Pods Frameworks */ = {
			isa = PBXShellScriptBuildPhase;
			buildActionMask = 2147483647;
			files = (
			);
			inputFileListPaths = (
				"${PODS_ROOT}/Target Support Files/Pods-Trinken-TrinkenUITests/Pods-Trinken-TrinkenUITests-frameworks-${CONFIGURATION}-input-files.xcfilelist",
			);
			name = "[CP] Embed Pods Frameworks";
			outputFileListPaths = (
				"${PODS_ROOT}/Target Support Files/Pods-Trinken-TrinkenUITests/Pods-Trinken-TrinkenUITests-frameworks-${CONFIGURATION}-output-files.xcfilelist",
			);
			runOnlyForDeploymentPostprocessing = 0;
			shellPath = /bin/sh;
			shellScript = "\"${PODS_ROOT}/Target Support Files/Pods-Trinken-TrinkenUITests/Pods-Trinken-TrinkenUITests-frameworks.sh\"\n";
			showEnvVarsInLog = 0;
		};
		EB3880805ED982509F7C6A4C /* [CP] Check Pods Manifest.lock */ = {
			isa = PBXShellScriptBuildPhase;
			buildActionMask = 2147483647;
			files = (
			);
			inputFileListPaths = (
			);
			inputPaths = (
				"${PODS_PODFILE_DIR_PATH}/Podfile.lock",
				"${PODS_ROOT}/Manifest.lock",
			);
			name = "[CP] Check Pods Manifest.lock";
			outputFileListPaths = (
			);
			outputPaths = (
				"$(DERIVED_FILE_DIR)/Pods-TrinkenTests-checkManifestLockResult.txt",
			);
			runOnlyForDeploymentPostprocessing = 0;
			shellPath = /bin/sh;
			shellScript = "diff \"${PODS_PODFILE_DIR_PATH}/Podfile.lock\" \"${PODS_ROOT}/Manifest.lock\" > /dev/null\nif [ $? != 0 ] ; then\n    # print error to STDERR\n    echo \"error: The sandbox is not in sync with the Podfile.lock. Run 'pod install' or update your CocoaPods installation.\" >&2\n    exit 1\nfi\n# This output is used by Xcode 'outputs' to avoid re-running this script phase.\necho \"SUCCESS\" > \"${SCRIPT_OUTPUT_FILE_0}\"\n";
			showEnvVarsInLog = 0;
		};
/* End PBXShellScriptBuildPhase section */

/* Begin PBXSourcesBuildPhase section */
		93718AEA2661CD6B00FD50BB /* Sources */ = {
			isa = PBXSourcesBuildPhase;
			buildActionMask = 2147483647;
			files = (
				936F259126742F26001A3803 /* FirebaseConstants.swift in Sources */,
				939BC9B9267D94B200476723 /* MenuOptionCell.swift in Sources */,
				93FD82FC26695EBD004922AC /* SearchViewController.swift in Sources */,
				93FD830726696083004922AC /* Constants.swift in Sources */,
				93718AF62661CD6B00FD50BB /* SignInViewController.swift in Sources */,
				93FD82D826687F9A004922AC /* BodyLabel.swift in Sources */,
				93FD82C9266717DD004922AC /* WelcomeViewController.swift in Sources */,
				93ADB7582682C6E70046FED3 /* UserService.swift in Sources */,
				93718AF22661CD6B00FD50BB /* AppDelegate.swift in Sources */,
				93A8F50726817C0800A14E4F /* MenuOptions.swift in Sources */,
				93FD82D026687DB8004922AC /* TitleLabel.swift in Sources */,
				93FD82F426695EA4004922AC /* HomeViewController.swift in Sources */,
				93A8F50926817CE800A14E4F /* UITableView+Ext.swift in Sources */,
				93545D4C268AADDC00637E83 /* BaseViewController.swift in Sources */,
				93D2068F2679918B00EA8532 /* ProfileViewController.swift in Sources */,
				93FD82C3266714B9004922AC /* PrimaryButton.swift in Sources */,
				93D2068D2679916700EA8532 /* FavoritesViewController.swift in Sources */,
				9342B8E4266AF77F004D7107 /* SignUpViewController.swift in Sources */,
				93FD83352669AA62004922AC /* UIView+Ext.swift in Sources */,
				937DF3942683C61D0014B25D /* UserManager.swift in Sources */,
				93FD82EE26695E34004922AC /* AppTabBarController.swift in Sources */,
				93FD83102669A7EC004922AC /* BasicTextField.swift in Sources */,
				93ADB75B2682C9EF0046FED3 /* User.swift in Sources */,
				936F25942674330E001A3803 /* AuthService.swift in Sources */,
				93718AF42661CD6B00FD50BB /* SceneDelegate.swift in Sources */,
				9342B8DF266AF0BA004D7107 /* AttributedButton.swift in Sources */,
			);
			runOnlyForDeploymentPostprocessing = 0;
		};
		93718B002661CD7500FD50BB /* Sources */ = {
			isa = PBXSourcesBuildPhase;
			buildActionMask = 2147483647;
			files = (
				93718B092661CD7500FD50BB /* TrinkenTests.swift in Sources */,
			);
			runOnlyForDeploymentPostprocessing = 0;
		};
		93718B0B2661CD7500FD50BB /* Sources */ = {
			isa = PBXSourcesBuildPhase;
			buildActionMask = 2147483647;
			files = (
				93718B142661CD7500FD50BB /* TrinkenUITests.swift in Sources */,
			);
			runOnlyForDeploymentPostprocessing = 0;
		};
/* End PBXSourcesBuildPhase section */

/* Begin PBXTargetDependency section */
		93718B062661CD7500FD50BB /* PBXTargetDependency */ = {
			isa = PBXTargetDependency;
			target = 93718AED2661CD6B00FD50BB /* Trinken */;
			targetProxy = 93718B052661CD7500FD50BB /* PBXContainerItemProxy */;
		};
		93718B112661CD7500FD50BB /* PBXTargetDependency */ = {
			isa = PBXTargetDependency;
			target = 93718AED2661CD6B00FD50BB /* Trinken */;
			targetProxy = 93718B102661CD7500FD50BB /* PBXContainerItemProxy */;
		};
/* End PBXTargetDependency section */

/* Begin PBXVariantGroup section */
		93718AFC2661CD7500FD50BB /* LaunchScreen.storyboard */ = {
			isa = PBXVariantGroup;
			children = (
				93718AFD2661CD7500FD50BB /* Base */,
			);
			name = LaunchScreen.storyboard;
			sourceTree = "<group>";
		};
/* End PBXVariantGroup section */

/* Begin XCBuildConfiguration section */
		93718B162661CD7500FD50BB /* Debug */ = {
			isa = XCBuildConfiguration;
			buildSettings = {
				ALWAYS_SEARCH_USER_PATHS = NO;
				CLANG_ANALYZER_NONNULL = YES;
				CLANG_ANALYZER_NUMBER_OBJECT_CONVERSION = YES_AGGRESSIVE;
				CLANG_CXX_LANGUAGE_STANDARD = "gnu++14";
				CLANG_CXX_LIBRARY = "libc++";
				CLANG_ENABLE_MODULES = YES;
				CLANG_ENABLE_OBJC_ARC = YES;
				CLANG_ENABLE_OBJC_WEAK = YES;
				CLANG_WARN_BLOCK_CAPTURE_AUTORELEASING = YES;
				CLANG_WARN_BOOL_CONVERSION = YES;
				CLANG_WARN_COMMA = YES;
				CLANG_WARN_CONSTANT_CONVERSION = YES;
				CLANG_WARN_DEPRECATED_OBJC_IMPLEMENTATIONS = YES;
				CLANG_WARN_DIRECT_OBJC_ISA_USAGE = YES_ERROR;
				CLANG_WARN_DOCUMENTATION_COMMENTS = YES;
				CLANG_WARN_EMPTY_BODY = YES;
				CLANG_WARN_ENUM_CONVERSION = YES;
				CLANG_WARN_INFINITE_RECURSION = YES;
				CLANG_WARN_INT_CONVERSION = YES;
				CLANG_WARN_NON_LITERAL_NULL_CONVERSION = YES;
				CLANG_WARN_OBJC_IMPLICIT_RETAIN_SELF = YES;
				CLANG_WARN_OBJC_LITERAL_CONVERSION = YES;
				CLANG_WARN_OBJC_ROOT_CLASS = YES_ERROR;
				CLANG_WARN_QUOTED_INCLUDE_IN_FRAMEWORK_HEADER = YES;
				CLANG_WARN_RANGE_LOOP_ANALYSIS = YES;
				CLANG_WARN_STRICT_PROTOTYPES = YES;
				CLANG_WARN_SUSPICIOUS_MOVE = YES;
				CLANG_WARN_UNGUARDED_AVAILABILITY = YES_AGGRESSIVE;
				CLANG_WARN_UNREACHABLE_CODE = YES;
				CLANG_WARN__DUPLICATE_METHOD_MATCH = YES;
				COPY_PHASE_STRIP = NO;
				DEBUG_INFORMATION_FORMAT = dwarf;
				ENABLE_STRICT_OBJC_MSGSEND = YES;
				ENABLE_TESTABILITY = YES;
				GCC_C_LANGUAGE_STANDARD = gnu11;
				GCC_DYNAMIC_NO_PIC = NO;
				GCC_NO_COMMON_BLOCKS = YES;
				GCC_OPTIMIZATION_LEVEL = 0;
				GCC_PREPROCESSOR_DEFINITIONS = (
					"DEBUG=1",
					"$(inherited)",
				);
				GCC_WARN_64_TO_32_BIT_CONVERSION = YES;
				GCC_WARN_ABOUT_RETURN_TYPE = YES_ERROR;
				GCC_WARN_UNDECLARED_SELECTOR = YES;
				GCC_WARN_UNINITIALIZED_AUTOS = YES_AGGRESSIVE;
				GCC_WARN_UNUSED_FUNCTION = YES;
				GCC_WARN_UNUSED_VARIABLE = YES;
				IPHONEOS_DEPLOYMENT_TARGET = 14.4;
				MTL_ENABLE_DEBUG_INFO = INCLUDE_SOURCE;
				MTL_FAST_MATH = YES;
				ONLY_ACTIVE_ARCH = YES;
				SDKROOT = iphoneos;
				SWIFT_ACTIVE_COMPILATION_CONDITIONS = DEBUG;
				SWIFT_OPTIMIZATION_LEVEL = "-Onone";
			};
			name = Debug;
		};
		93718B172661CD7500FD50BB /* Release */ = {
			isa = XCBuildConfiguration;
			buildSettings = {
				ALWAYS_SEARCH_USER_PATHS = NO;
				CLANG_ANALYZER_NONNULL = YES;
				CLANG_ANALYZER_NUMBER_OBJECT_CONVERSION = YES_AGGRESSIVE;
				CLANG_CXX_LANGUAGE_STANDARD = "gnu++14";
				CLANG_CXX_LIBRARY = "libc++";
				CLANG_ENABLE_MODULES = YES;
				CLANG_ENABLE_OBJC_ARC = YES;
				CLANG_ENABLE_OBJC_WEAK = YES;
				CLANG_WARN_BLOCK_CAPTURE_AUTORELEASING = YES;
				CLANG_WARN_BOOL_CONVERSION = YES;
				CLANG_WARN_COMMA = YES;
				CLANG_WARN_CONSTANT_CONVERSION = YES;
				CLANG_WARN_DEPRECATED_OBJC_IMPLEMENTATIONS = YES;
				CLANG_WARN_DIRECT_OBJC_ISA_USAGE = YES_ERROR;
				CLANG_WARN_DOCUMENTATION_COMMENTS = YES;
				CLANG_WARN_EMPTY_BODY = YES;
				CLANG_WARN_ENUM_CONVERSION = YES;
				CLANG_WARN_INFINITE_RECURSION = YES;
				CLANG_WARN_INT_CONVERSION = YES;
				CLANG_WARN_NON_LITERAL_NULL_CONVERSION = YES;
				CLANG_WARN_OBJC_IMPLICIT_RETAIN_SELF = YES;
				CLANG_WARN_OBJC_LITERAL_CONVERSION = YES;
				CLANG_WARN_OBJC_ROOT_CLASS = YES_ERROR;
				CLANG_WARN_QUOTED_INCLUDE_IN_FRAMEWORK_HEADER = YES;
				CLANG_WARN_RANGE_LOOP_ANALYSIS = YES;
				CLANG_WARN_STRICT_PROTOTYPES = YES;
				CLANG_WARN_SUSPICIOUS_MOVE = YES;
				CLANG_WARN_UNGUARDED_AVAILABILITY = YES_AGGRESSIVE;
				CLANG_WARN_UNREACHABLE_CODE = YES;
				CLANG_WARN__DUPLICATE_METHOD_MATCH = YES;
				COPY_PHASE_STRIP = NO;
				DEBUG_INFORMATION_FORMAT = "dwarf-with-dsym";
				ENABLE_NS_ASSERTIONS = NO;
				ENABLE_STRICT_OBJC_MSGSEND = YES;
				GCC_C_LANGUAGE_STANDARD = gnu11;
				GCC_NO_COMMON_BLOCKS = YES;
				GCC_WARN_64_TO_32_BIT_CONVERSION = YES;
				GCC_WARN_ABOUT_RETURN_TYPE = YES_ERROR;
				GCC_WARN_UNDECLARED_SELECTOR = YES;
				GCC_WARN_UNINITIALIZED_AUTOS = YES_AGGRESSIVE;
				GCC_WARN_UNUSED_FUNCTION = YES;
				GCC_WARN_UNUSED_VARIABLE = YES;
				IPHONEOS_DEPLOYMENT_TARGET = 14.4;
				MTL_ENABLE_DEBUG_INFO = NO;
				MTL_FAST_MATH = YES;
				SDKROOT = iphoneos;
				SWIFT_COMPILATION_MODE = wholemodule;
				SWIFT_OPTIMIZATION_LEVEL = "-O";
				VALIDATE_PRODUCT = YES;
			};
			name = Release;
		};
		93718B192661CD7500FD50BB /* Debug */ = {
			isa = XCBuildConfiguration;
			baseConfigurationReference = EDF77F3121FF613DE3CD5AE5 /* Pods-Trinken.debug.xcconfig */;
			buildSettings = {
				ASSETCATALOG_COMPILER_APPICON_NAME = AppIcon;
				ASSETCATALOG_COMPILER_GLOBAL_ACCENT_COLOR_NAME = AccentColor;
				CODE_SIGN_STYLE = Automatic;
				DEVELOPMENT_TEAM = UW22KRKA6S;
				INFOPLIST_FILE = Trinken/Info.plist;
				LD_RUNPATH_SEARCH_PATHS = (
					"$(inherited)",
					"@executable_path/Frameworks",
				);
				PRODUCT_BUNDLE_IDENTIFIER = com.gustavotiecker.Trinken;
				PRODUCT_NAME = "$(TARGET_NAME)";
				SWIFT_VERSION = 5.0;
				TARGETED_DEVICE_FAMILY = 1;
			};
			name = Debug;
		};
		93718B1A2661CD7500FD50BB /* Release */ = {
			isa = XCBuildConfiguration;
			baseConfigurationReference = 9C539BC12DE032C4C472CF91 /* Pods-Trinken.release.xcconfig */;
			buildSettings = {
				ASSETCATALOG_COMPILER_APPICON_NAME = AppIcon;
				ASSETCATALOG_COMPILER_GLOBAL_ACCENT_COLOR_NAME = AccentColor;
				CODE_SIGN_STYLE = Automatic;
				DEVELOPMENT_TEAM = UW22KRKA6S;
				INFOPLIST_FILE = Trinken/Info.plist;
				LD_RUNPATH_SEARCH_PATHS = (
					"$(inherited)",
					"@executable_path/Frameworks",
				);
				PRODUCT_BUNDLE_IDENTIFIER = com.gustavotiecker.Trinken;
				PRODUCT_NAME = "$(TARGET_NAME)";
				SWIFT_VERSION = 5.0;
				TARGETED_DEVICE_FAMILY = 1;
			};
			name = Release;
		};
		93718B1C2661CD7500FD50BB /* Debug */ = {
			isa = XCBuildConfiguration;
			baseConfigurationReference = C089BC76C8E7ACCC68DD8AF0 /* Pods-TrinkenTests.debug.xcconfig */;
			buildSettings = {
				ALWAYS_EMBED_SWIFT_STANDARD_LIBRARIES = YES;
				BUNDLE_LOADER = "$(TEST_HOST)";
				CODE_SIGN_STYLE = Automatic;
				DEVELOPMENT_TEAM = UW22KRKA6S;
				INFOPLIST_FILE = TrinkenTests/Info.plist;
				IPHONEOS_DEPLOYMENT_TARGET = 14.4;
				LD_RUNPATH_SEARCH_PATHS = (
					"$(inherited)",
					"@executable_path/Frameworks",
					"@loader_path/Frameworks",
				);
				PRODUCT_BUNDLE_IDENTIFIER = com.gustavotiecker.TrinkenTests;
				PRODUCT_NAME = "$(TARGET_NAME)";
				SWIFT_VERSION = 5.0;
				TARGETED_DEVICE_FAMILY = "1,2";
				TEST_HOST = "$(BUILT_PRODUCTS_DIR)/Trinken.app/Trinken";
			};
			name = Debug;
		};
		93718B1D2661CD7500FD50BB /* Release */ = {
			isa = XCBuildConfiguration;
			baseConfigurationReference = E207ACC0CCFA55DBAA918E85 /* Pods-TrinkenTests.release.xcconfig */;
			buildSettings = {
				ALWAYS_EMBED_SWIFT_STANDARD_LIBRARIES = YES;
				BUNDLE_LOADER = "$(TEST_HOST)";
				CODE_SIGN_STYLE = Automatic;
				DEVELOPMENT_TEAM = UW22KRKA6S;
				INFOPLIST_FILE = TrinkenTests/Info.plist;
				IPHONEOS_DEPLOYMENT_TARGET = 14.4;
				LD_RUNPATH_SEARCH_PATHS = (
					"$(inherited)",
					"@executable_path/Frameworks",
					"@loader_path/Frameworks",
				);
				PRODUCT_BUNDLE_IDENTIFIER = com.gustavotiecker.TrinkenTests;
				PRODUCT_NAME = "$(TARGET_NAME)";
				SWIFT_VERSION = 5.0;
				TARGETED_DEVICE_FAMILY = "1,2";
				TEST_HOST = "$(BUILT_PRODUCTS_DIR)/Trinken.app/Trinken";
			};
			name = Release;
		};
		93718B1F2661CD7500FD50BB /* Debug */ = {
			isa = XCBuildConfiguration;
			baseConfigurationReference = 04EF0CCFA3BE93DA79918420 /* Pods-Trinken-TrinkenUITests.debug.xcconfig */;
			buildSettings = {
				ALWAYS_EMBED_SWIFT_STANDARD_LIBRARIES = YES;
				CODE_SIGN_STYLE = Automatic;
				DEVELOPMENT_TEAM = UW22KRKA6S;
				INFOPLIST_FILE = TrinkenUITests/Info.plist;
				LD_RUNPATH_SEARCH_PATHS = (
					"$(inherited)",
					"@executable_path/Frameworks",
					"@loader_path/Frameworks",
				);
				PRODUCT_BUNDLE_IDENTIFIER = com.gustavotiecker.TrinkenUITests;
				PRODUCT_NAME = "$(TARGET_NAME)";
				SWIFT_VERSION = 5.0;
				TARGETED_DEVICE_FAMILY = "1,2";
				TEST_TARGET_NAME = Trinken;
			};
			name = Debug;
		};
		93718B202661CD7500FD50BB /* Release */ = {
			isa = XCBuildConfiguration;
			baseConfigurationReference = 985E644E5C896E34D47FFE99 /* Pods-Trinken-TrinkenUITests.release.xcconfig */;
			buildSettings = {
				ALWAYS_EMBED_SWIFT_STANDARD_LIBRARIES = YES;
				CODE_SIGN_STYLE = Automatic;
				DEVELOPMENT_TEAM = UW22KRKA6S;
				INFOPLIST_FILE = TrinkenUITests/Info.plist;
				LD_RUNPATH_SEARCH_PATHS = (
					"$(inherited)",
					"@executable_path/Frameworks",
					"@loader_path/Frameworks",
				);
				PRODUCT_BUNDLE_IDENTIFIER = com.gustavotiecker.TrinkenUITests;
				PRODUCT_NAME = "$(TARGET_NAME)";
				SWIFT_VERSION = 5.0;
				TARGETED_DEVICE_FAMILY = "1,2";
				TEST_TARGET_NAME = Trinken;
			};
			name = Release;
		};
/* End XCBuildConfiguration section */

/* Begin XCConfigurationList section */
		93718AE92661CD6B00FD50BB /* Build configuration list for PBXProject "Trinken" */ = {
			isa = XCConfigurationList;
			buildConfigurations = (
				93718B162661CD7500FD50BB /* Debug */,
				93718B172661CD7500FD50BB /* Release */,
			);
			defaultConfigurationIsVisible = 0;
			defaultConfigurationName = Release;
		};
		93718B182661CD7500FD50BB /* Build configuration list for PBXNativeTarget "Trinken" */ = {
			isa = XCConfigurationList;
			buildConfigurations = (
				93718B192661CD7500FD50BB /* Debug */,
				93718B1A2661CD7500FD50BB /* Release */,
			);
			defaultConfigurationIsVisible = 0;
			defaultConfigurationName = Release;
		};
		93718B1B2661CD7500FD50BB /* Build configuration list for PBXNativeTarget "TrinkenTests" */ = {
			isa = XCConfigurationList;
			buildConfigurations = (
				93718B1C2661CD7500FD50BB /* Debug */,
				93718B1D2661CD7500FD50BB /* Release */,
			);
			defaultConfigurationIsVisible = 0;
			defaultConfigurationName = Release;
		};
		93718B1E2661CD7500FD50BB /* Build configuration list for PBXNativeTarget "TrinkenUITests" */ = {
			isa = XCConfigurationList;
			buildConfigurations = (
				93718B1F2661CD7500FD50BB /* Debug */,
				93718B202661CD7500FD50BB /* Release */,
			);
			defaultConfigurationIsVisible = 0;
			defaultConfigurationName = Release;
		};
/* End XCConfigurationList section */
	};
	rootObject = 93718AE62661CD6B00FD50BB /* Project object */;
}
